{
  "version": "0.0.1",
  "lockfileVersion": 1,
  "requires": true,
  "dependencies": {
    "babel-runtime": {
      "version": "6.26.0",
      "resolved": "https://registry.npmjs.org/babel-runtime/-/babel-runtime-6.26.0.tgz",
      "integrity": "sha1-llxwWGaOgrVde/4E/yM3vItWR/4=",
      "requires": {
        "core-js": "2.5.2",
        "regenerator-runtime": "0.11.1"
      }
    },
    "cfn-response": {
      "version": "1.0.1",
      "resolved": "https://registry.npmjs.org/cfn-response/-/cfn-response-1.0.1.tgz",
      "integrity": "sha1-qOwDlQwGg8UUlejKaA2dwLiEsTc="
    },
    "core-js": {
      "version": "2.5.2",
      "resolved": "https://registry.npmjs.org/core-js/-/core-js-2.5.2.tgz",
      "integrity": "sha1-vEZIZW59ydyA19PHu8Fy2W50TmM="
    },
    "regenerator-runtime": {
      "version": "0.11.1",
      "resolved": "https://registry.npmjs.org/regenerator-runtime/-/regenerator-runtime-0.11.1.tgz",
      "integrity": "sha1-vgWtf5v30i4Fb5cmzuUBf78Z4uk="
    },
    "source-map-support": {
      "version": "0.5.0",
      "resolved": "https://registry.npmjs.org/source-map-support/-/source-map-support-0.5.0.tgz",
      "integrity": "sha1-IBinrSvfj68mkeX92rJr7VorrKs=",
      "requires": {
        "source-map": "0.6.1"
      },
      "dependencies": {
        "source-map": {
          "version": "0.6.1",
          "resolved": "https://registry.npmjs.org/source-map/-/source-map-0.6.1.tgz",
          "integrity": "sha1-dHIq8y6WFOnCh6jQu95IteLxomM="
        }
      }
    },
    "uuid": {
      "version": "3.1.0",
      "resolved": "https://registry.npmjs.org/uuid/-/uuid-3.1.0.tgz",
      "integrity": "sha1-PdPT55Crwk17DToDT/q6vijrvAQ="
    }
  }
}
